
Microsoft Visual Studio Solution File, Format Version 12.00
# Visual Studio Version 17
VisualStudioVersion = 17.6.33815.320
MinimumVisualStudioVersion = 10.0.40219.1
Project("{8BC9CEB8-8B4A-11D0-8D11-00A0C91BC942}") = "basalt", "basalt\basalt.vcxproj", "{6288B11B-1139-4011-A837-E744298736DE}"
EndProject
Project("{8BC9CEB8-8B4A-11D0-8D11-00A0C91BC942}") = "example_game", "example_game\example_game.vcxproj", "{AF30E470-5C01-45D1-90B6-4A6088FD04B8}"
EndProject
Project("{8BC9CEB8-8B4A-11D0-8D11-00A0C91BC942}") = "basalt_3d", "basalt_3d\basalt_3d.vcxproj", "{B7ADCEDC-8845-4C2A-9238-414971265CF9}"
EndProject
Project("{8BC9CEB8-8B4A-11D0-8D11-00A0C91BC942}") = "example_game_3d", "example_game_3d\example_game_3d.vcxproj", "{18C4C9A1-5282-4B70-8809-D076CB0CD7AE}"
EndProject
Project("{8BC9CEB8-8B4A-11D0-8D11-00A0C91BC942}") = "tweening_viewer", "tweening_viewer\tweening_viewer.vcxproj", "{3CFE722B-6793-4F37-91B8-5AC4A4890FDF}"
EndProject
Project("{8BC9CEB8-8B4A-11D0-8D11-00A0C91BC942}") = "SDL3", "vendor\SDL\VisualC\SDL\SDL.vcxproj", "{81CE8DAF-EBB2-4761-8E45-B71ABCCA8C68}"
EndProject
Project("{8BC9CEB8-8B4A-11D0-8D11-00A0C91BC942}") = "SDL3_ttf", "vendor\SDL_ttf\VisualC\SDL_ttf.vcxproj", "{DDDBD07D-DC76-4AF6-8D02-3E2DEB6EE255}"
EndProject
Global
	GlobalSection(SolutionConfigurationPlatforms) = preSolution
		Debug|Any CPU = Debug|Any CPU
		Debug|x64 = Debug|x64
		Debug|x86 = Debug|x86
		MinSizeRel|Any CPU = MinSizeRel|Any CPU
		MinSizeRel|x64 = MinSizeRel|x64
		MinSizeRel|x86 = MinSizeRel|x86
		Release|Any CPU = Release|Any CPU
		Release|x64 = Release|x64
		Release|x86 = Release|x86
		RelWithDebInfo|Any CPU = RelWithDebInfo|Any CPU
		RelWithDebInfo|x64 = RelWithDebInfo|x64
		RelWithDebInfo|x86 = RelWithDebInfo|x86
	EndGlobalSection
	GlobalSection(ProjectConfigurationPlatforms) = postSolution
		{6288B11B-1139-4011-A837-E744298736DE}.Debug|Any CPU.ActiveCfg = Debug|x64
		{6288B11B-1139-4011-A837-E744298736DE}.Debug|Any CPU.Build.0 = Debug|x64
		{6288B11B-1139-4011-A837-E744298736DE}.Debug|x64.ActiveCfg = Debug|x64
		{6288B11B-1139-4011-A837-E744298736DE}.Debug|x64.Build.0 = Debug|x64
		{6288B11B-1139-4011-A837-E744298736DE}.Debug|x86.ActiveCfg = Debug|Win32
		{6288B11B-1139-4011-A837-E744298736DE}.Debug|x86.Build.0 = Debug|Win32
		{6288B11B-1139-4011-A837-E744298736DE}.MinSizeRel|Any CPU.ActiveCfg = ReleaseWithDebug|x64
		{6288B11B-1139-4011-A837-E744298736DE}.MinSizeRel|Any CPU.Build.0 = ReleaseWithDebug|x64
		{6288B11B-1139-4011-A837-E744298736DE}.MinSizeRel|x64.ActiveCfg = Release|x64
		{6288B11B-1139-4011-A837-E744298736DE}.MinSizeRel|x64.Build.0 = Release|x64
		{6288B11B-1139-4011-A837-E744298736DE}.MinSizeRel|x86.ActiveCfg = Release|Win32
		{6288B11B-1139-4011-A837-E744298736DE}.MinSizeRel|x86.Build.0 = Release|Win32
		{6288B11B-1139-4011-A837-E744298736DE}.Release|Any CPU.ActiveCfg = Release|x64
		{6288B11B-1139-4011-A837-E744298736DE}.Release|Any CPU.Build.0 = Release|x64
		{6288B11B-1139-4011-A837-E744298736DE}.Release|x64.ActiveCfg = Release|x64
		{6288B11B-1139-4011-A837-E744298736DE}.Release|x64.Build.0 = Release|x64
		{6288B11B-1139-4011-A837-E744298736DE}.Release|x86.ActiveCfg = Release|Win32
		{6288B11B-1139-4011-A837-E744298736DE}.Release|x86.Build.0 = Release|Win32
		{6288B11B-1139-4011-A837-E744298736DE}.RelWithDebInfo|Any CPU.ActiveCfg = ReleaseWithDebug|x64
		{6288B11B-1139-4011-A837-E744298736DE}.RelWithDebInfo|Any CPU.Build.0 = ReleaseWithDebug|x64
		{6288B11B-1139-4011-A837-E744298736DE}.RelWithDebInfo|x64.ActiveCfg = Release|x64
		{6288B11B-1139-4011-A837-E744298736DE}.RelWithDebInfo|x64.Build.0 = Release|x64
		{6288B11B-1139-4011-A837-E744298736DE}.RelWithDebInfo|x86.ActiveCfg = Release|Win32
		{6288B11B-1139-4011-A837-E744298736DE}.RelWithDebInfo|x86.Build.0 = Release|Win32
		{AF30E470-5C01-45D1-90B6-4A6088FD04B8}.Debug|Any CPU.ActiveCfg = Debug|x64
		{AF30E470-5C01-45D1-90B6-4A6088FD04B8}.Debug|Any CPU.Build.0 = Debug|x64
		{AF30E470-5C01-45D1-90B6-4A6088FD04B8}.Debug|x64.ActiveCfg = Debug|x64
		{AF30E470-5C01-45D1-90B6-4A6088FD04B8}.Debug|x64.Build.0 = Debug|x64
		{AF30E470-5C01-45D1-90B6-4A6088FD04B8}.Debug|x86.ActiveCfg = Debug|Win32
		{AF30E470-5C01-45D1-90B6-4A6088FD04B8}.Debug|x86.Build.0 = Debug|Win32
		{AF30E470-5C01-45D1-90B6-4A6088FD04B8}.MinSizeRel|Any CPU.ActiveCfg = Release|x64
		{AF30E470-5C01-45D1-90B6-4A6088FD04B8}.MinSizeRel|Any CPU.Build.0 = Release|x64
		{AF30E470-5C01-45D1-90B6-4A6088FD04B8}.MinSizeRel|x64.ActiveCfg = Release|x64
		{AF30E470-5C01-45D1-90B6-4A6088FD04B8}.MinSizeRel|x64.Build.0 = Release|x64
		{AF30E470-5C01-45D1-90B6-4A6088FD04B8}.MinSizeRel|x86.ActiveCfg = Release|Win32
		{AF30E470-5C01-45D1-90B6-4A6088FD04B8}.MinSizeRel|x86.Build.0 = Release|Win32
		{AF30E470-5C01-45D1-90B6-4A6088FD04B8}.Release|Any CPU.ActiveCfg = Release|x64
		{AF30E470-5C01-45D1-90B6-4A6088FD04B8}.Release|Any CPU.Build.0 = Release|x64
		{AF30E470-5C01-45D1-90B6-4A6088FD04B8}.Release|x64.ActiveCfg = Release|x64
		{AF30E470-5C01-45D1-90B6-4A6088FD04B8}.Release|x64.Build.0 = Release|x64
		{AF30E470-5C01-45D1-90B6-4A6088FD04B8}.Release|x86.ActiveCfg = Release|Win32
		{AF30E470-5C01-45D1-90B6-4A6088FD04B8}.Release|x86.Build.0 = Release|Win32
		{AF30E470-5C01-45D1-90B6-4A6088FD04B8}.RelWithDebInfo|Any CPU.ActiveCfg = Release|x64
		{AF30E470-5C01-45D1-90B6-4A6088FD04B8}.RelWithDebInfo|Any CPU.Build.0 = Release|x64
		{AF30E470-5C01-45D1-90B6-4A6088FD04B8}.RelWithDebInfo|x64.ActiveCfg = Release|x64
		{AF30E470-5C01-45D1-90B6-4A6088FD04B8}.RelWithDebInfo|x64.Build.0 = Release|x64
		{AF30E470-5C01-45D1-90B6-4A6088FD04B8}.RelWithDebInfo|x86.ActiveCfg = Release|Win32
		{AF30E470-5C01-45D1-90B6-4A6088FD04B8}.RelWithDebInfo|x86.Build.0 = Release|Win32
		{B7ADCEDC-8845-4C2A-9238-414971265CF9}.Debug|Any CPU.ActiveCfg = Debug|x64
		{B7ADCEDC-8845-4C2A-9238-414971265CF9}.Debug|Any CPU.Build.0 = Debug|x64
		{B7ADCEDC-8845-4C2A-9238-414971265CF9}.Debug|x64.ActiveCfg = Debug|x64
		{B7ADCEDC-8845-4C2A-9238-414971265CF9}.Debug|x64.Build.0 = Debug|x64
		{B7ADCEDC-8845-4C2A-9238-414971265CF9}.Debug|x86.ActiveCfg = Debug|Win32
		{B7ADCEDC-8845-4C2A-9238-414971265CF9}.Debug|x86.Build.0 = Debug|Win32
		{B7ADCEDC-8845-4C2A-9238-414971265CF9}.MinSizeRel|Any CPU.ActiveCfg = Debug|x64
		{B7ADCEDC-8845-4C2A-9238-414971265CF9}.MinSizeRel|Any CPU.Build.0 = Debug|x64
		{B7ADCEDC-8845-4C2A-9238-414971265CF9}.MinSizeRel|x64.ActiveCfg = Debug|x64
		{B7ADCEDC-8845-4C2A-9238-414971265CF9}.MinSizeRel|x64.Build.0 = Debug|x64
		{B7ADCEDC-8845-4C2A-9238-414971265CF9}.MinSizeRel|x86.ActiveCfg = Debug|Win32
		{B7ADCEDC-8845-4C2A-9238-414971265CF9}.MinSizeRel|x86.Build.0 = Debug|Win32
		{B7ADCEDC-8845-4C2A-9238-414971265CF9}.Release|Any CPU.ActiveCfg = Release|x64
		{B7ADCEDC-8845-4C2A-9238-414971265CF9}.Release|Any CPU.Build.0 = Release|x64
		{B7ADCEDC-8845-4C2A-9238-414971265CF9}.Release|x64.ActiveCfg = Release|x64
		{B7ADCEDC-8845-4C2A-9238-414971265CF9}.Release|x64.Build.0 = Release|x64
		{B7ADCEDC-8845-4C2A-9238-414971265CF9}.Release|x86.ActiveCfg = Release|Win32
		{B7ADCEDC-8845-4C2A-9238-414971265CF9}.Release|x86.Build.0 = Release|Win32
		{B7ADCEDC-8845-4C2A-9238-414971265CF9}.RelWithDebInfo|Any CPU.ActiveCfg = Release|x64
		{B7ADCEDC-8845-4C2A-9238-414971265CF9}.RelWithDebInfo|Any CPU.Build.0 = Release|x64
		{B7ADCEDC-8845-4C2A-9238-414971265CF9}.RelWithDebInfo|x64.ActiveCfg = Release|x64
		{B7ADCEDC-8845-4C2A-9238-414971265CF9}.RelWithDebInfo|x64.Build.0 = Release|x64
		{B7ADCEDC-8845-4C2A-9238-414971265CF9}.RelWithDebInfo|x86.ActiveCfg = Release|Win32
		{B7ADCEDC-8845-4C2A-9238-414971265CF9}.RelWithDebInfo|x86.Build.0 = Release|Win32
		{18C4C9A1-5282-4B70-8809-D076CB0CD7AE}.Debug|Any CPU.ActiveCfg = Debug|x64
		{18C4C9A1-5282-4B70-8809-D076CB0CD7AE}.Debug|Any CPU.Build.0 = Debug|x64
		{18C4C9A1-5282-4B70-8809-D076CB0CD7AE}.Debug|x64.ActiveCfg = Debug|x64
		{18C4C9A1-5282-4B70-8809-D076CB0CD7AE}.Debug|x64.Build.0 = Debug|x64
		{18C4C9A1-5282-4B70-8809-D076CB0CD7AE}.Debug|x86.ActiveCfg = Debug|Win32
		{18C4C9A1-5282-4B70-8809-D076CB0CD7AE}.Debug|x86.Build.0 = Debug|Win32
		{18C4C9A1-5282-4B70-8809-D076CB0CD7AE}.MinSizeRel|Any CPU.ActiveCfg = Debug|x64
		{18C4C9A1-5282-4B70-8809-D076CB0CD7AE}.MinSizeRel|Any CPU.Build.0 = Debug|x64
		{18C4C9A1-5282-4B70-8809-D076CB0CD7AE}.MinSizeRel|x64.ActiveCfg = Debug|x64
		{18C4C9A1-5282-4B70-8809-D076CB0CD7AE}.MinSizeRel|x64.Build.0 = Debug|x64
		{18C4C9A1-5282-4B70-8809-D076CB0CD7AE}.MinSizeRel|x86.ActiveCfg = Debug|Win32
		{18C4C9A1-5282-4B70-8809-D076CB0CD7AE}.MinSizeRel|x86.Build.0 = Debug|Win32
		{18C4C9A1-5282-4B70-8809-D076CB0CD7AE}.Release|Any CPU.ActiveCfg = Release|x64
		{18C4C9A1-5282-4B70-8809-D076CB0CD7AE}.Release|Any CPU.Build.0 = Release|x64
		{18C4C9A1-5282-4B70-8809-D076CB0CD7AE}.Release|x64.ActiveCfg = Release|x64
		{18C4C9A1-5282-4B70-8809-D076CB0CD7AE}.Release|x64.Build.0 = Release|x64
		{18C4C9A1-5282-4B70-8809-D076CB0CD7AE}.Release|x86.ActiveCfg = Release|Win32
		{18C4C9A1-5282-4B70-8809-D076CB0CD7AE}.Release|x86.Build.0 = Release|Win32
		{18C4C9A1-5282-4B70-8809-D076CB0CD7AE}.RelWithDebInfo|Any CPU.ActiveCfg = Release|x64
		{18C4C9A1-5282-4B70-8809-D076CB0CD7AE}.RelWithDebInfo|Any CPU.Build.0 = Release|x64
		{18C4C9A1-5282-4B70-8809-D076CB0CD7AE}.RelWithDebInfo|x64.ActiveCfg = Release|x64
		{18C4C9A1-5282-4B70-8809-D076CB0CD7AE}.RelWithDebInfo|x64.Build.0 = Release|x64
		{18C4C9A1-5282-4B70-8809-D076CB0CD7AE}.RelWithDebInfo|x86.ActiveCfg = Release|Win32
		{18C4C9A1-5282-4B70-8809-D076CB0CD7AE}.RelWithDebInfo|x86.Build.0 = Release|Win32
		{3CFE722B-6793-4F37-91B8-5AC4A4890FDF}.Debug|Any CPU.ActiveCfg = Debug|x64
		{3CFE722B-6793-4F37-91B8-5AC4A4890FDF}.Debug|Any CPU.Build.0 = Debug|x64
		{3CFE722B-6793-4F37-91B8-5AC4A4890FDF}.Debug|x64.ActiveCfg = Debug|x64
		{3CFE722B-6793-4F37-91B8-5AC4A4890FDF}.Debug|x64.Build.0 = Debug|x64
		{3CFE722B-6793-4F37-91B8-5AC4A4890FDF}.Debug|x86.ActiveCfg = Debug|Win32
		{3CFE722B-6793-4F37-91B8-5AC4A4890FDF}.Debug|x86.Build.0 = Debug|Win32
		{3CFE722B-6793-4F37-91B8-5AC4A4890FDF}.MinSizeRel|Any CPU.ActiveCfg = Debug|x64
		{3CFE722B-6793-4F37-91B8-5AC4A4890FDF}.MinSizeRel|Any CPU.Build.0 = Debug|x64
		{3CFE722B-6793-4F37-91B8-5AC4A4890FDF}.MinSizeRel|x64.ActiveCfg = Debug|x64
		{3CFE722B-6793-4F37-91B8-5AC4A4890FDF}.MinSizeRel|x64.Build.0 = Debug|x64
		{3CFE722B-6793-4F37-91B8-5AC4A4890FDF}.MinSizeRel|x86.ActiveCfg = Debug|Win32
		{3CFE722B-6793-4F37-91B8-5AC4A4890FDF}.MinSizeRel|x86.Build.0 = Debug|Win32
		{3CFE722B-6793-4F37-91B8-5AC4A4890FDF}.Release|Any CPU.ActiveCfg = Release|x64
		{3CFE722B-6793-4F37-91B8-5AC4A4890FDF}.Release|Any CPU.Build.0 = Release|x64
		{3CFE722B-6793-4F37-91B8-5AC4A4890FDF}.Release|x64.ActiveCfg = Release|x64
		{3CFE722B-6793-4F37-91B8-5AC4A4890FDF}.Release|x64.Build.0 = Release|x64
		{3CFE722B-6793-4F37-91B8-5AC4A4890FDF}.Release|x86.ActiveCfg = Release|Win32
		{3CFE722B-6793-4F37-91B8-5AC4A4890FDF}.Release|x86.Build.0 = Release|Win32
		{3CFE722B-6793-4F37-91B8-5AC4A4890FDF}.RelWithDebInfo|Any CPU.ActiveCfg = Release|x64
		{3CFE722B-6793-4F37-91B8-5AC4A4890FDF}.RelWithDebInfo|Any CPU.Build.0 = Release|x64
		{3CFE722B-6793-4F37-91B8-5AC4A4890FDF}.RelWithDebInfo|x64.ActiveCfg = Release|x64
		{3CFE722B-6793-4F37-91B8-5AC4A4890FDF}.RelWithDebInfo|x64.Build.0 = Release|x64
		{3CFE722B-6793-4F37-91B8-5AC4A4890FDF}.RelWithDebInfo|x86.ActiveCfg = Release|Win32
		{3CFE722B-6793-4F37-91B8-5AC4A4890FDF}.RelWithDebInfo|x86.Build.0 = Release|Win32
		{81CE8DAF-EBB2-4761-8E45-B71ABCCA8C68}.Debug|Any CPU.ActiveCfg = Debug|x64
		{81CE8DAF-EBB2-4761-8E45-B71ABCCA8C68}.Debug|Any CPU.Build.0 = Debug|x64
		{81CE8DAF-EBB2-4761-8E45-B71ABCCA8C68}.Debug|x64.ActiveCfg = Debug|x64
		{81CE8DAF-EBB2-4761-8E45-B71ABCCA8C68}.Debug|x64.Build.0 = Debug|x64
		{81CE8DAF-EBB2-4761-8E45-B71ABCCA8C68}.Debug|x86.ActiveCfg = Debug|Win32
		{81CE8DAF-EBB2-4761-8E45-B71ABCCA8C68}.Debug|x86.Build.0 = Debug|Win32
		{81CE8DAF-EBB2-4761-8E45-B71ABCCA8C68}.MinSizeRel|Any CPU.ActiveCfg = Debug|x64
		{81CE8DAF-EBB2-4761-8E45-B71ABCCA8C68}.MinSizeRel|Any CPU.Build.0 = Debug|x64
		{81CE8DAF-EBB2-4761-8E45-B71ABCCA8C68}.MinSizeRel|x64.ActiveCfg = Debug|x64
		{81CE8DAF-EBB2-4761-8E45-B71ABCCA8C68}.MinSizeRel|x64.Build.0 = Debug|x64
		{81CE8DAF-EBB2-4761-8E45-B71ABCCA8C68}.MinSizeRel|x86.ActiveCfg = Debug|Win32
		{81CE8DAF-EBB2-4761-8E45-B71ABCCA8C68}.MinSizeRel|x86.Build.0 = Debug|Win32
		{81CE8DAF-EBB2-4761-8E45-B71ABCCA8C68}.Release|Any CPU.ActiveCfg = Release|x64
		{81CE8DAF-EBB2-4761-8E45-B71ABCCA8C68}.Release|Any CPU.Build.0 = Release|x64
		{81CE8DAF-EBB2-4761-8E45-B71ABCCA8C68}.Release|x64.ActiveCfg = Release|x64
		{81CE8DAF-EBB2-4761-8E45-B71ABCCA8C68}.Release|x64.Build.0 = Release|x64
		{81CE8DAF-EBB2-4761-8E45-B71ABCCA8C68}.Release|x86.ActiveCfg = Release|Win32
		{81CE8DAF-EBB2-4761-8E45-B71ABCCA8C68}.Release|x86.Build.0 = Release|Win32
		{81CE8DAF-EBB2-4761-8E45-B71ABCCA8C68}.RelWithDebInfo|Any CPU.ActiveCfg = Release|x64
		{81CE8DAF-EBB2-4761-8E45-B71ABCCA8C68}.RelWithDebInfo|Any CPU.Build.0 = Release|x64
		{81CE8DAF-EBB2-4761-8E45-B71ABCCA8C68}.RelWithDebInfo|x64.ActiveCfg = Release|x64
		{81CE8DAF-EBB2-4761-8E45-B71ABCCA8C68}.RelWithDebInfo|x64.Build.0 = Release|x64
		{81CE8DAF-EBB2-4761-8E45-B71ABCCA8C68}.RelWithDebInfo|x86.ActiveCfg = Release|Win32
		{81CE8DAF-EBB2-4761-8E45-B71ABCCA8C68}.RelWithDebInfo|x86.Build.0 = Release|Win32
		{DDDBD07D-DC76-4AF6-8D02-3E2DEB6EE255}.Debug|Any CPU.ActiveCfg = Debug|x64
		{DDDBD07D-DC76-4AF6-8D02-3E2DEB6EE255}.Debug|Any CPU.Build.0 = Debug|x64
		{DDDBD07D-DC76-4AF6-8D02-3E2DEB6EE255}.Debug|x64.ActiveCfg = Debug|x64
		{DDDBD07D-DC76-4AF6-8D02-3E2DEB6EE255}.Debug|x64.Build.0 = Debug|x64
		{DDDBD07D-DC76-4AF6-8D02-3E2DEB6EE255}.Debug|x86.ActiveCfg = Debug|Win32
		{DDDBD07D-DC76-4AF6-8D02-3E2DEB6EE255}.Debug|x86.Build.0 = Debug|Win32
		{DDDBD07D-DC76-4AF6-8D02-3E2DEB6EE255}.MinSizeRel|Any CPU.ActiveCfg = Debug|x64
		{DDDBD07D-DC76-4AF6-8D02-3E2DEB6EE255}.MinSizeRel|Any CPU.Build.0 = Debug|x64
		{DDDBD07D-DC76-4AF6-8D02-3E2DEB6EE255}.MinSizeRel|x64.ActiveCfg = Debug|x64
		{DDDBD07D-DC76-4AF6-8D02-3E2DEB6EE255}.MinSizeRel|x64.Build.0 = Debug|x64
		{DDDBD07D-DC76-4AF6-8D02-3E2DEB6EE255}.MinSizeRel|x86.ActiveCfg = Debug|Win32
		{DDDBD07D-DC76-4AF6-8D02-3E2DEB6EE255}.MinSizeRel|x86.Build.0 = Debug|Win32
		{DDDBD07D-DC76-4AF6-8D02-3E2DEB6EE255}.Release|Any CPU.ActiveCfg = Release|x64
		{DDDBD07D-DC76-4AF6-8D02-3E2DEB6EE255}.Release|Any CPU.Build.0 = Release|x64
		{DDDBD07D-DC76-4AF6-8D02-3E2DEB6EE255}.Release|x64.ActiveCfg = Release|x64
		{DDDBD07D-DC76-4AF6-8D02-3E2DEB6EE255}.Release|x64.Build.0 = Release|x64
		{DDDBD07D-DC76-4AF6-8D02-3E2DEB6EE255}.Release|x86.ActiveCfg = Release|Win32
		{DDDBD07D-DC76-4AF6-8D02-3E2DEB6EE255}.Release|x86.Build.0 = Release|Win32
		{DDDBD07D-DC76-4AF6-8D02-3E2DEB6EE255}.RelWithDebInfo|Any CPU.ActiveCfg = Release|x64
		{DDDBD07D-DC76-4AF6-8D02-3E2DEB6EE255}.RelWithDebInfo|Any CPU.Build.0 = Release|x64
		{DDDBD07D-DC76-4AF6-8D02-3E2DEB6EE255}.RelWithDebInfo|x64.ActiveCfg = Release|x64
		{DDDBD07D-DC76-4AF6-8D02-3E2DEB6EE255}.RelWithDebInfo|x64.Build.0 = Release|x64
		{DDDBD07D-DC76-4AF6-8D02-3E2DEB6EE255}.RelWithDebInfo|x86.ActiveCfg = Release|Win32
		{DDDBD07D-DC76-4AF6-8D02-3E2DEB6EE255}.RelWithDebInfo|x86.Build.0 = Release|Win32
	EndGlobalSection
	GlobalSection(SolutionProperties) = preSolution
		HideSolutionNode = FALSE
	EndGlobalSection
	GlobalSection(ExtensibilityGlobals) = postSolution
		SolutionGuid = {45739F45-C960-4FA4-8A39-3BBDF3633F7D}
	EndGlobalSection
EndGlobal
