<?xml version="1.0" encoding="utf-8"?>
<Project ToolsVersion="4.0" xmlns="http://schemas.microsoft.com/developer/msbuild/2003">
  <ItemGroup>
    <Filter Include="Source Files">
      <UniqueIdentifier>{4FC737F1-C7A5-4376-A066-2A32D752A2FF}</UniqueIdentifier>
      <Extensions>cpp;c;cc;cxx;c++;cppm;ixx;def;odl;idl;hpj;bat;asm;asmx</Extensions>
    </Filter>
    <Filter Include="Header Files">
      <UniqueIdentifier>{93995380-89BD-4b04-88EB-625FBE52EBFB}</UniqueIdentifier>
      <Extensions>h;hh;hpp;hxx;h++;hm;inl;inc;ipp;xsd</Extensions>
    </Filter>
    <Filter Include="Resource Files">
      <UniqueIdentifier>{67DA6AB6-F800-4c08-8B7A-83BB121AAD01}</UniqueIdentifier>
      <Extensions>rc;ico;cur;bmp;dlg;rc2;rct;bin;rgs;gif;jpg;jpeg;jpe;resx;tiff;tif;png;wav;mfcribbon-ms</Extensions>
    </Filter>
    <Filter Include="Header Files\external">
      <UniqueIdentifier>{fa8abb68-00e8-4e72-b295-2e6fd9e861f9}</UniqueIdentifier>
    </Filter>
  </ItemGroup>
  <ItemGroup>
    <ClCompile Include="basalt_config.cpp">
      <Filter>Source Files</Filter>
    </ClCompile>
    <ClCompile Include="basalt_console.cpp">
      <Filter>Source Files</Filter>
    </ClCompile>
    <ClCompile Include="basalt_graphics.cpp">
      <Filter>Source Files</Filter>
    </ClCompile>
    <ClCompile Include="basalt_graphics_fonts.cpp">
      <Filter>Source Files</Filter>
    </ClCompile>
    <ClCompile Include="basalt_math.cpp">
      <Filter>Source Files</Filter>
    </ClCompile>
    <ClCompile Include="basalt_testing.cpp">
      <Filter>Source Files</Filter>
    </ClCompile>
    <ClCompile Include="basalt_utils.cpp">
      <Filter>Source Files</Filter>
    </ClCompile>
    <ClCompile Include="sdl2_basalt.cpp">
      <Filter>Source Files</Filter>
    </ClCompile>
    <ClCompile Include="sdl2_basalt_input.cpp">
      <Filter>Source Files</Filter>
    </ClCompile>
    <ClCompile Include="basalt_assets.cpp">
      <Filter>Source Files</Filter>
    </ClCompile>
    <ClCompile Include="pch.cpp">
      <Filter>Source Files</Filter>
    </ClCompile>
    <ClCompile Include="basalt_profiler.cpp">
      <Filter>Source Files</Filter>
    </ClCompile>
  </ItemGroup>
  <ItemGroup>
    <ClInclude Include="basalt_config.hpp">
      <Filter>Header Files</Filter>
    </ClInclude>
    <ClInclude Include="basalt_console.hpp">
      <Filter>Header Files</Filter>
    </ClInclude>
    <ClInclude Include="basalt_graphics.hpp">
      <Filter>Header Files</Filter>
    </ClInclude>
    <ClInclude Include="basalt_graphics_fonts.hpp">
      <Filter>Header Files</Filter>
    </ClInclude>
    <ClInclude Include="basalt_input.hpp">
      <Filter>Header Files</Filter>
    </ClInclude>
    <ClInclude Include="basalt_macros.hpp">
      <Filter>Header Files</Filter>
    </ClInclude>
    <ClInclude Include="basalt_math.hpp">
      <Filter>Header Files</Filter>
    </ClInclude>
    <ClInclude Include="basalt_testing.hpp">
      <Filter>Header Files</Filter>
    </ClInclude>
    <ClInclude Include="basalt_utils.hpp">
      <Filter>Header Files</Filter>
    </ClInclude>
    <ClInclude Include="basalt_window.hpp">
      <Filter>Header Files</Filter>
    </ClInclude>
    <ClInclude Include="sdl2_plat.hpp">
      <Filter>Header Files</Filter>
    </ClInclude>
    <ClInclude Include="basalt.h">
      <Filter>Header Files</Filter>
    </ClInclude>
    <ClInclude Include="basalt_assets.hpp">
      <Filter>Header Files</Filter>
    </ClInclude>
    <ClInclude Include="pch.h">
      <Filter>Header Files</Filter>
    </ClInclude>
    <ClInclude Include="external\open-simplex-noise.h">
      <Filter>Header Files\external</Filter>
    </ClInclude>
    <ClInclude Include="external\stb_image.h">
      <Filter>Header Files\external</Filter>
    </ClInclude>
    <ClInclude Include="external\stb_image_write.h">
      <Filter>Header Files\external</Filter>
    </ClInclude>
    <ClInclude Include="external\dirent.h">
      <Filter>Header Files\external</Filter>
    </ClInclude>
    <ClInclude Include="basalt_profiler.hpp">
      <Filter>Header Files</Filter>
    </ClInclude>
  </ItemGroup>
</Project>